<?xml version="1.0" encoding="utf-8"?>
<Project ToolsVersion="4.0" xmlns="http://schemas.microsoft.com/developer/msbuild/2003">
  <ItemGroup>
    <Filter Include="Source Files">
      <UniqueIdentifier>{4FC737F1-C7A5-4376-A066-2A32D752A2FF}</UniqueIdentifier>
      <Extensions>cpp;c;cc;cxx;def;odl;idl;hpj;bat;asm;asmx</Extensions>
    </Filter>
    <Filter Include="Header Files">
      <UniqueIdentifier>{93995380-89BD-4b04-88EB-625FBE52EBFB}</UniqueIdentifier>
      <Extensions>h;hh;hpp;hxx;hm;inl;inc;xsd</Extensions>
    </Filter>
  </ItemGroup>
  <ItemGroup>
    <ClCompile Include="src\Button.cpp">
      <Filter>Source Files</Filter>
    </ClCompile>
    <ClCompile Include="src\ButtonGroup.cpp">
      <Filter>Source Files</Filter>
    </ClCompile>
    <ClCompile Include="src\Canvas.cpp">
      <Filter>Source Files</Filter>
    </ClCompile>
    <ClCompile Include="src\CheckBox.cpp">
      <Filter>Source Files</Filter>
    </ClCompile>
    <ClCompile Include="src\Color4f.cpp">
      <Filter>Source Files</Filter>
    </ClCompile>
    <ClCompile Include="src\ColorPicker.cpp">
      <Filter>Source Files</Filter>
    </ClCompile>
    <ClCompile Include="src\ColorRGBA.cpp">
      <Filter>Source Files</Filter>
    </ClCompile>
    <ClCompile Include="src\ColorScheme.cpp">
      <Filter>Source Files</Filter>
    </ClCompile>
    <ClCompile Include="src\ComboBox.cpp">
      <Filter>Source Files</Filter>
    </ClCompile>
    <ClCompile Include="src\ComboBoxMenuStyle.cpp">
      <Filter>Source Files</Filter>
    </ClCompile>
    <ClCompile Include="src\Component.cpp">
      <Filter>Source Files</Filter>
    </ClCompile>
    <ClCompile Include="src\ComponentSpring.cpp">
      <Filter>Source Files</Filter>
    </ClCompile>
    <ClCompile Include="src\ComponentTexture.cpp">
      <Filter>Source Files</Filter>
    </ClCompile>
    <ClCompile Include="src\ContextMenu.cpp">
      <Filter>Source Files</Filter>
    </ClCompile>
    <ClCompile Include="src\Counter.cpp">
      <Filter>Source Files</Filter>
    </ClCompile>
    <ClCompile Include="src\Cursor.cpp">
      <Filter>Source Files</Filter>
    </ClCompile>
    <ClCompile Include="src\FileOpen.cpp">
      <Filter>Source Files</Filter>
    </ClCompile>
    <ClCompile Include="src\Font.cpp">
      <Filter>Source Files</Filter>
    </ClCompile>
    <ClCompile Include="src\FontTahoma.cpp">
      <Filter>Source Files</Filter>
    </ClCompile>
    <ClCompile Include="src\GapSpring.cpp">
      <Filter>Source Files</Filter>
    </ClCompile>
    <ClCompile Include="src\GenericNode.cpp">
      <Filter>Source Files</Filter>
    </ClCompile>
    <ClCompile Include="src\GenericTree.cpp">
      <Filter>Source Files</Filter>
    </ClCompile>
    <ClCompile Include="src\GlslShader.cpp">
      <Filter>Source Files</Filter>
    </ClCompile>
    <ClCompile Include="src\Group.cpp">
      <Filter>Source Files</Filter>
    </ClCompile>
    <ClCompile Include="src\GroupLayout.cpp">
      <Filter>Source Files</Filter>
    </ClCompile>
    <ClCompile Include="src\Image.cpp">
      <Filter>Source Files</Filter>
    </ClCompile>
    <ClCompile Include="src\ImgLoader.cpp">
      <Filter>Source Files</Filter>
    </ClCompile>
    <ClCompile Include="src\InternalFrame.cpp">
      <Filter>Source Files</Filter>
    </ClCompile>
    <ClCompile Include="src\InternalFrameHolder.cpp">
      <Filter>Source Files</Filter>
    </ClCompile>
    <ClCompile Include="src\Kernel.cpp">
      <Filter>Source Files</Filter>
    </ClCompile>
    <ClCompile Include="src\Keyboard.cpp">
      <Filter>Source Files</Filter>
    </ClCompile>
    <ClCompile Include="src\KeyEvent.cpp">
      <Filter>Source Files</Filter>
    </ClCompile>
    <ClCompile Include="src\Label.cpp">
      <Filter>Source Files</Filter>
    </ClCompile>
    <ClCompile Include="src\MenuBar.cpp">
      <Filter>Source Files</Filter>
    </ClCompile>
    <ClCompile Include="src\MenuHolder.cpp">
      <Filter>Source Files</Filter>
    </ClCompile>
    <ClCompile Include="src\MouseEvent.cpp">
      <Filter>Source Files</Filter>
    </ClCompile>
    <ClCompile Include="src\Panel.cpp">
      <Filter>Source Files</Filter>
    </ClCompile>
    <ClCompile Include="src\ParallelGroup.cpp">
      <Filter>Source Files</Filter>
    </ClCompile>
    <ClCompile Include="src\Point.cpp">
      <Filter>Source Files</Filter>
    </ClCompile>
    <ClCompile Include="src\PopupMenuStyle.cpp">
      <Filter>Source Files</Filter>
    </ClCompile>
    <ClCompile Include="src\ProgressBar.cpp">
      <Filter>Source Files</Filter>
    </ClCompile>
    <ClCompile Include="src\RadioButton.cpp">
      <Filter>Source Files</Filter>
    </ClCompile>
    <ClCompile Include="src\Scissor.cpp">
      <Filter>Source Files</Filter>
    </ClCompile>
    <ClCompile Include="src\ScrollComponent.cpp">
      <Filter>Source Files</Filter>
    </ClCompile>
    <ClCompile Include="src\Separator.cpp">
      <Filter>Source Files</Filter>
    </ClCompile>
    <ClCompile Include="src\SequentialGroup.cpp">
      <Filter>Source Files</Filter>
    </ClCompile>
    <ClCompile Include="src\Slider.cpp">
      <Filter>Source Files</Filter>
    </ClCompile>
    <ClCompile Include="src\Spinner.cpp">
      <Filter>Source Files</Filter>
    </ClCompile>
    <ClCompile Include="src\Spring.cpp">
      <Filter>Source Files</Filter>
    </ClCompile>
    <ClCompile Include="src\StateButton.cpp">
      <Filter>Source Files</Filter>
    </ClCompile>
    <ClCompile Include="src\StaticLabel.cpp">
      <Filter>Source Files</Filter>
    </ClCompile>
    <ClCompile Include="src\stb_image.cpp">
      <Filter>Source Files</Filter>
    </ClCompile>
    <ClCompile Include="src\stdafx.cpp">
      <Filter>Source Files</Filter>
    </ClCompile>
    <ClCompile Include="src\TabbedPane.cpp">
      <Filter>Source Files</Filter>
    </ClCompile>
    <ClCompile Include="src\Table.cpp">
      <Filter>Source Files</Filter>
    </ClCompile>
    <ClCompile Include="src\TextBox.cpp">
      <Filter>Source Files</Filter>
    </ClCompile>
    <ClCompile Include="src\TextField.cpp">
      <Filter>Source Files</Filter>
    </ClCompile>
    <ClCompile Include="src\TextFilter.cpp">
      <Filter>Source Files</Filter>
    </ClCompile>
    <ClCompile Include="src\Texture2D.cpp">
      <Filter>Source Files</Filter>
    </ClCompile>
    <ClCompile Include="src\Timer.cpp">
      <Filter>Source Files</Filter>
    </ClCompile>
    <ClCompile Include="src\ToggleButton.cpp">
      <Filter>Source Files</Filter>
    </ClCompile>
    <ClCompile Include="src\util.cpp">
      <Filter>Source Files</Filter>
    </ClCompile>
    <ClCompile Include="src\VistaMenuStyle.cpp">
      <Filter>Source Files</Filter>
    </ClCompile>
    <ClCompile Include="src\data\CheckBoxData.cpp">
      <Filter>Source Files</Filter>
    </ClCompile>
    <ClCompile Include="src\data\InternalFrameData.cpp">
      <Filter>Source Files</Filter>
    </ClCompile>
    <ClCompile Include="src\data\ScrollPaneData.cpp">
      <Filter>Source Files</Filter>
    </ClCompile>
    <ClCompile Include="src\data\TreeViewData.cpp">
      <Filter>Source Files</Filter>
    </ClCompile>
    <ClCompile Include="src\documentation\mainDocumentation.cpp">
      <Filter>Source Files</Filter>
    </ClCompile>
  </ItemGroup>
  <ItemGroup>
    <ClInclude Include="..\include\SCV\Button.h">
      <Filter>Header Files</Filter>
    </ClInclude>
    <ClInclude Include="..\include\SCV\ButtonGroup.h">
      <Filter>Header Files</Filter>
    </ClInclude>
    <ClInclude Include="..\include\SCV\Canvas.h">
      <Filter>Header Files</Filter>
    </ClInclude>
    <ClInclude Include="..\include\SCV\CheckBox.h">
      <Filter>Header Files</Filter>
    </ClInclude>
    <ClInclude Include="..\include\SCV\Color4f.h">
      <Filter>Header Files</Filter>
    </ClInclude>
    <ClInclude Include="..\include\SCV\ColorPicker.h">
      <Filter>Header Files</Filter>
    </ClInclude>
    <ClInclude Include="..\include\SCV\ColorRGBA.h">
      <Filter>Header Files</Filter>
    </ClInclude>
    <ClInclude Include="..\include\SCV\ColorScheme.h">
      <Filter>Header Files</Filter>
    </ClInclude>
    <ClInclude Include="..\include\SCV\ComboBox.h">
      <Filter>Header Files</Filter>
    </ClInclude>
    <ClInclude Include="..\include\SCV\ComboBoxMenuStyle.h">
      <Filter>Header Files</Filter>
    </ClInclude>
    <ClInclude Include="..\include\SCV\Component.h">
      <Filter>Header Files</Filter>
    </ClInclude>
    <ClInclude Include="..\include\SCV\ComponentSpring.h">
      <Filter>Header Files</Filter>
    </ClInclude>
    <ClInclude Include="..\include\SCV\ComponentTexture.h">
      <Filter>Header Files</Filter>
    </ClInclude>
    <ClInclude Include="..\include\SCV\ContextMenu.h">
      <Filter>Header Files</Filter>
    </ClInclude>
    <ClInclude Include="..\include\SCV\Counter.h">
      <Filter>Header Files</Filter>
    </ClInclude>
    <ClInclude Include="..\include\SCV\Cursor.h">
      <Filter>Header Files</Filter>
    </ClInclude>
    <ClInclude Include="..\include\SCV\data.h">
      <Filter>Header Files</Filter>
    </ClInclude>
    <ClInclude Include="..\include\SCV\FileOpen.h">
      <Filter>Header Files</Filter>
    </ClInclude>
    <ClInclude Include="..\include\SCV\Font.h">
      <Filter>Header Files</Filter>
    </ClInclude>
    <ClInclude Include="..\include\SCV\FontTahoma.h">
      <Filter>Header Files</Filter>
    </ClInclude>
    <ClInclude Include="..\include\SCV\GapSpring.h">
      <Filter>Header Files</Filter>
    </ClInclude>
    <ClInclude Include="..\include\SCV\GenericNode.h">
      <Filter>Header Files</Filter>
    </ClInclude>
    <ClInclude Include="..\include\SCV\GenericTree.h">
      <Filter>Header Files</Filter>
    </ClInclude>
    <ClInclude Include="..\include\SCV\GlslShader.h">
      <Filter>Header Files</Filter>
    </ClInclude>
    <ClInclude Include="..\include\SCV\Group.h">
      <Filter>Header Files</Filter>
    </ClInclude>
    <ClInclude Include="..\include\SCV\GroupLayout.h">
      <Filter>Header Files</Filter>
    </ClInclude>
    <ClInclude Include="..\include\SCV\Image.h">
      <Filter>Header Files</Filter>
    </ClInclude>
    <ClInclude Include="..\include\SCV\ImgLoader.h">
      <Filter>Header Files</Filter>
    </ClInclude>
    <ClInclude Include="..\include\SCV\InternalFrame.h">
      <Filter>Header Files</Filter>
    </ClInclude>
    <ClInclude Include="..\include\SCV\InternalFrameHolder.h">
      <Filter>Header Files</Filter>
    </ClInclude>
    <ClInclude Include="..\include\SCV\Kernel.h">
      <Filter>Header Files</Filter>
    </ClInclude>
    <ClInclude Include="..\include\SCV\Keyboard.h">
      <Filter>Header Files</Filter>
    </ClInclude>
    <ClInclude Include="..\include\SCV\KeyEvent.h">
      <Filter>Header Files</Filter>
    </ClInclude>
    <ClInclude Include="..\include\SCV\Label.h">
      <Filter>Header Files</Filter>
    </ClInclude>
    <ClInclude Include="..\include\SCV\Mathematic.h">
      <Filter>Header Files</Filter>
    </ClInclude>
    <ClInclude Include="..\include\SCV\MatrixTemplate.h">
      <Filter>Header Files</Filter>
    </ClInclude>
    <ClInclude Include="..\include\SCV\MenuBar.h">
      <Filter>Header Files</Filter>
    </ClInclude>
    <ClInclude Include="..\include\SCV\MenuHolder.h">
      <Filter>Header Files</Filter>
    </ClInclude>
    <ClInclude Include="..\include\SCV\MouseEvent.h">
      <Filter>Header Files</Filter>
    </ClInclude>
    <ClInclude Include="..\include\SCV\Panel.h">
      <Filter>Header Files</Filter>
    </ClInclude>
    <ClInclude Include="..\include\SCV\ParallelGroup.h">
      <Filter>Header Files</Filter>
    </ClInclude>
    <ClInclude Include="..\include\SCV\Point.h">
      <Filter>Header Files</Filter>
    </ClInclude>
    <ClInclude Include="..\include\SCV\PopupMenuStyle.h">
      <Filter>Header Files</Filter>
    </ClInclude>
    <ClInclude Include="..\include\SCV\ProgressBar.h">
      <Filter>Header Files</Filter>
    </ClInclude>
    <ClInclude Include="..\include\SCV\RadioButton.h">
      <Filter>Header Files</Filter>
    </ClInclude>
    <ClInclude Include="..\include\SCV\Scissor.h">
      <Filter>Header Files</Filter>
    </ClInclude>
    <ClInclude Include="..\include\SCV\ScrollComponent.h">
      <Filter>Header Files</Filter>
    </ClInclude>
    <ClInclude Include="..\include\SCV\SCV.h">
      <Filter>Header Files</Filter>
    </ClInclude>
    <ClInclude Include="..\include\SCV\SCVCallbacks.h">
      <Filter>Header Files</Filter>
    </ClInclude>
    <ClInclude Include="..\include\SCV\Separator.h">
      <Filter>Header Files</Filter>
    </ClInclude>
    <ClInclude Include="..\include\SCV\SequentialGroup.h">
      <Filter>Header Files</Filter>
    </ClInclude>
    <ClInclude Include="..\include\SCV\Singleton.h">
      <Filter>Header Files</Filter>
    </ClInclude>
    <ClInclude Include="..\include\SCV\Slider.h">
      <Filter>Header Files</Filter>
    </ClInclude>
    <ClInclude Include="..\include\SCV\Spinner.h">
      <Filter>Header Files</Filter>
    </ClInclude>
    <ClInclude Include="..\include\SCV\Spring.h">
      <Filter>Header Files</Filter>
    </ClInclude>
    <ClInclude Include="..\include\SCV\StateButton.h">
      <Filter>Header Files</Filter>
    </ClInclude>
    <ClInclude Include="..\include\SCV\StaticLabel.h">
      <Filter>Header Files</Filter>
    </ClInclude>
    <ClInclude Include="..\include\SCV\stb_image.h">
      <Filter>Header Files</Filter>
    </ClInclude>
    <ClInclude Include="..\include\SCV\stdafx.h">
      <Filter>Header Files</Filter>
    </ClInclude>
    <ClInclude Include="..\include\SCV\TabbedPane.h">
      <Filter>Header Files</Filter>
    </ClInclude>
    <ClInclude Include="..\include\SCV\Table.h">
      <Filter>Header Files</Filter>
    </ClInclude>
    <ClInclude Include="..\include\SCV\TextBox.h">
      <Filter>Header Files</Filter>
    </ClInclude>
    <ClInclude Include="..\include\SCV\TextField.h">
      <Filter>Header Files</Filter>
    </ClInclude>
    <ClInclude Include="..\include\SCV\TextFilter.h">
      <Filter>Header Files</Filter>
    </ClInclude>
    <ClInclude Include="..\include\SCV\Texture2D.h">
      <Filter>Header Files</Filter>
    </ClInclude>
    <ClInclude Include="..\include\SCV\TextureInterface.h">
      <Filter>Header Files</Filter>
    </ClInclude>
    <ClInclude Include="..\include\SCV\Timer.h">
      <Filter>Header Files</Filter>
    </ClInclude>
    <ClInclude Include="..\include\SCV\ToggleButton.h">
      <Filter>Header Files</Filter>
    </ClInclude>
    <ClInclude Include="..\include\SCV\Tree.h">
      <Filter>Header Files</Filter>
    </ClInclude>
    <ClInclude Include="..\include\SCV\util.h">
      <Filter>Header Files</Filter>
    </ClInclude>
    <ClInclude Include="..\include\SCV\VistaMenuStyle.h">
      <Filter>Header Files</Filter>
    </ClInclude>
  </ItemGroup>
</Project>